
Microsoft Visual Studio Solution File, Format Version 12.00
# Visual Studio Version 17
VisualStudioVersion = 17.3.32922.545
MinimumVisualStudioVersion = 10.0.40219.1
Project("{FAE04EC0-301F-11D3-BF4B-00C04F79EFBC}") = "FirstMVCApp", "FirstMVCApp\FirstMVCApp.csproj", "{D735C765-B94A-4C49-BDC3-DA6E2F7E9D17}"
EndProject
Global
	GlobalSection(SolutionConfigurationPlatforms) = preSolution
		Debug|Any CPU = Debug|Any CPU
		Release|Any CPU = Release|Any CPU
	EndGlobalSection
	GlobalSection(ProjectConfigurationPlatforms) = postSolution
		{D735C765-B94A-4C49-BDC3-DA6E2F7E9D17}.Debug|Any CPU.ActiveCfg = Debug|Any CPU
		{D735C765-B94A-4C49-BDC3-DA6E2F7E9D17}.Debug|Any CPU.Build.0 = Debug|Any CPU
		{D735C765-B94A-4C49-BDC3-DA6E2F7E9D17}.Release|Any CPU.ActiveCfg = Release|Any CPU
		{D735C765-B94A-4C49-BDC3-DA6E2F7E9D17}.Release|Any CPU.Build.0 = Release|Any CPU
	EndGlobalSection
	GlobalSection(SolutionProperties) = preSolution
		HideSolutionNode = FALSE
	EndGlobalSection
	GlobalSection(ExtensibilityGlobals) = postSolution
		SolutionGuid = {0DEDDBC3-85FD-4D7F-81BF-CA2BDDD05102}
	EndGlobalSection
EndGlobal
